// !$*UTF8*$!
{
	archiveVersion = 1;
	classes = {
	};
	objectVersion = 46;
	objects = {

/* Begin PBXBuildFile section */
		23F4928D1F88D417006D030C /* main.m in Sources */ = {isa = PBXBuildFile; fileRef = 23F4928C1F88D417006D030C /* main.m */; };
		23F492901F88D417006D030C /* AppDelegate.m in Sources */ = {isa = PBXBuildFile; fileRef = 23F4928F1F88D417006D030C /* AppDelegate.m */; };
		23F492931F88D417006D030C /* ViewController.m in Sources */ = {isa = PBXBuildFile; fileRef = 23F492921F88D417006D030C /* ViewController.m */; };
		23F492961F88D417006D030C /* Main.storyboard in Resources */ = {isa = PBXBuildFile; fileRef = 23F492941F88D417006D030C /* Main.storyboard */; };
		23F492981F88D417006D030C /* Assets.xcassets in Resources */ = {isa = PBXBuildFile; fileRef = 23F492971F88D417006D030C /* Assets.xcassets */; };
		23F4929B1F88D417006D030C /* LaunchScreen.storyboard in Resources */ = {isa = PBXBuildFile; fileRef = 23F492991F88D417006D030C /* LaunchScreen.storyboard */; };
/* End PBXBuildFile section */

/* Begin PBXFileReference section */
		23F492881F88D417006D030C /* TestGit.app */ = {isa = PBXFileReference; explicitFileType = wrapper.application; includeInIndex = 0; path = TestGit.app; sourceTree = BUILT_PRODUCTS_DIR; };
		23F4928C1F88D417006D030C /* main.m */ = {isa = PBXFileReference; lastKnownFileType = sourcecode.c.objc; path = main.m; sourceTree = "<group>"; };
		23F4928E1F88D417006D030C /* AppDelegate.h */ = {isa = PBXFileReference; lastKnownFileType = sourcecode.c.h; path = AppDelegate.h; sourceTree = "<group>"; };
		23F4928F1F88D417006D030C /* AppDelegate.m */ = {isa = PBXFileReference; lastKnownFileType = sourcecode.c.objc; path = AppDelegate.m; sourceTree = "<group>"; };
		23F492911F88D417006D030C /* ViewController.h */ = {isa = PBXFileReference; lastKnownFileType = sourcecode.c.h; path = ViewController.h; sourceTree = "<group>"; };
		23F492921F88D417006D030C /* ViewController.m */ = {isa = PBXFileReference; lastKnownFileType = sourcecode.c.objc; path = ViewController.m; sourceTree = "<group>"; };
		23F492951F88D417006D030C /* Base */ = {isa = PBXFileReference; lastKnownFileType = file.storyboard; name = Base; path = Base.lproj/Main.storyboard; sourceTree = "<group>"; };
		23F492971F88D417006D030C /* Assets.xcassets */ = {isa = PBXFileReference; lastKnownFileType = folder.assetcatalog; path = Assets.xcassets; sourceTree = "<group>"; };
		23F4929A1F88D417006D030C /* Base */ = {isa = PBXFileReference; lastKnownFileType = file.storyboard; name = Base; path = Base.lproj/LaunchScreen.storyboard; sourceTree = "<group>"; };
		23F4929C1F88D417006D030C /* Info.plist */ = {isa = PBXFileReference; lastKnownFileType = text.plist.xml; path = Info.plist; sourceTree = "<group>"; };
/* End PBXFileReference section */

/* Begin PBXFrameworksBuildPhase section */
		23F492851F88D417006D030C /* Frameworks */ = {
			isa = PBXFrameworksBuildPhase;
			buildActionMask = 2147483647;
			files = (
			);
			runOnlyForDeploymentPostprocessing = 0;
		};
/* End PBXFrameworksBuildPhase section */

/* Begin PBXGroup section */
		23F4927F1F88D417006D030C = {
			isa = PBXGroup;
			children = (
				23F4928A1F88D417006D030C /* TestGit */,
				23F492891F88D417006D030C /* Products */,
			);
			sourceTree = "<group>";
		};
		23F492891F88D417006D030C /* Products */ = {
			isa = PBXGroup;
			children = (
				23F492881F88D417006D030C /* TestGit.app */,
			);
			name = Products;
			sourceTree = "<group>";
		};
		23F4928A1F88D417006D030C /* TestGit */ = {
			isa = PBXGroup;
			children = (
				23F4928E1F88D417006D030C /* AppDelegate.h */,
				23F4928F1F88D417006D030C /* AppDelegate.m */,
				23F492911F88D417006D030C /* ViewController.h */,
				23F492921F88D417006D030C /* ViewController.m */,
				23F492941F88D417006D030C /* Main.storyboard */,
				23F492971F88D417006D030C /* Assets.xcassets */,
				23F492991F88D417006D030C /* LaunchScreen.storyboard */,
				23F4929C1F88D417006D030C /* Info.plist */,
				23F4928B1F88D417006D030C /* Supporting Files */,
			);
			path = TestGit;
			sourceTree = "<group>";
		};
		23F4928B1F88D417006D030C /* Supporting Files */ = {
			isa = PBXGroup;
			children = (
				23F4928C1F88D417006D030C /* main.m */,
			);
			name = "Supporting Files";
			sourceTree = "<group>";
		};
/* End PBXGroup section */

/* Begin PBXNativeTarget section */
		23F492871F88D417006D030C /* TestGit */ = {
			isa = PBXNativeTarget;
			buildConfigurationList = 23F4929F1F88D417006D030C /* Build configuration list for PBXNativeTarget "TestGit" */;
			buildPhases = (
				23F492841F88D417006D030C /* Sources */,
				23F492851F88D417006D030C /* Frameworks */,
				23F492861F88D417006D030C /* Resources */,
			);
			buildRules = (
			);
			dependencies = (
			);
			name = TestGit;
			productName = TestGit;
			productReference = 23F492881F88D417006D030C /* TestGit.app */;
			productType = "com.apple.product-type.application";
		};
/* End PBXNativeTarget section */

/* Begin PBXProject section */
		23F492801F88D417006D030C /* Project object */ = {
			isa = PBXProject;
			attributes = {
				LastUpgradeCheck = 0800;
				ORGANIZATIONNAME = datongmingye;
				TargetAttributes = {
					23F492871F88D417006D030C = {
						CreatedOnToolsVersion = 8.0;
						DevelopmentTeam = 478JMCYF43;
						ProvisioningStyle = Automatic;
					};
				};
			};
			buildConfigurationList = 23F492831F88D417006D030C /* Build configuration list for PBXProject "TestGit" */;
			compatibilityVersion = "Xcode 3.2";
			developmentRegion = English;
			hasScannedForEncodings = 0;
			knownRegions = (
				en,
				Base,
			);
			mainGroup = 23F4927F1F88D417006D030C;
			productRefGroup = 23F492891F88D417006D030C /* Products */;
			projectDirPath = "";
			projectRoot = "";
			targets = (
				23F492871F88D417006D030C /* TestGit */,
			);
		};
/* End PBXProject section */

/* Begin PBXResourcesBuildPhase section */
		23F492861F88D417006D030C /* Resources */ = {
			isa = PBXResourcesBuildPhase;
			buildActionMask = 2147483647;
			files = (
				23F4929B1F88D417006D030C /* LaunchScreen.storyboard in Resources */,
				23F492981F88D417006D030C /* Assets.xcassets in Resources */,
				23F492961F88D417006D030C /* Main.storyboard in Resources */,
			);
			runOnlyForDeploymentPostprocessing = 0;
		};
/* End PBXResourcesBuildPhase section */

/* Begin PBXSourcesBuildPhase section */
		23F492841F88D417006D030C /* Sources */ = {
			isa = PBXSourcesBuildPhase;
			buildActionMask = 2147483647;
			files = (
				23F492931F88D417006D030C /* ViewController.m in Sources */,
				23F492901F88D417006D030C /* AppDelegate.m in Sources */,
				23F4928D1F88D417006D030C /* main.m in Sources */,
			);
			runOnlyForDeploymentPostprocessing = 0;
		};
/* End PBXSourcesBuildPhase section */

/* Begin PBXVariantGroup section */
		23F492941F88D417006D030C /* Main.storyboard */ = {
			isa = PBXVariantGroup;
			children = (
				23F492951F88D417006D030C /* Base */,
			);
			name = Main.storyboard;
			sourceTree = "<group>";
		};
		23F492991F88D417006D030C /* LaunchScreen.storyboard */ = {
			isa = PBXVariantGroup;
			children = (
				23F4929A1F88D417006D030C /* Base */,
			);
			name = LaunchScreen.storyboard;
			sourceTree = "<group>";
		};
/* End PBXVariantGroup section */

/* Begin XCBuildConfiguration section */
		23F4929D1F88D417006D030C /* Debug */ = {
			isa = XCBuildConfiguration;
			buildSettings = {
				ALWAYS_SEARCH_USER_PATHS = NO;
				CLANG_ANALYZER_NONNULL = YES;
				CLANG_CXX_LANGUAGE_STANDARD = "gnu++0x";
				CLANG_CXX_LIBRARY = "libc++";
				CLANG_ENABLE_MODULES = YES;
				CLANG_ENABLE_OBJC_ARC = YES;
				CLANG_WARN_BOOL_CONVERSION = YES;
				CLANG_WARN_CONSTANT_CONVERSION = YES;
				CLANG_WARN_DIRECT_OBJC_ISA_USAGE = YES_ERROR;
				CLANG_WARN_DOCUMENTATION_COMMENTS = YES;
				CLANG_WARN_EMPTY_BODY = YES;
				CLANG_WARN_ENUM_CONVERSION = YES;
				CLANG_WARN_INFINITE_RECURSION = YES;
				CLANG_WARN_INT_CONVERSION = YES;
				CLANG_WARN_OBJC_ROOT_CLASS = YES_ERROR;
				CLANG_WARN_SUSPICIOUS_MOVES = YES;
				CLANG_WARN_UNREACHABLE_CODE = YES;
				CLANG_WARN__DUPLICATE_METHOD_MATCH = YES;
				"CODE_SIGN_IDENTITY[sdk=iphoneos*]" = "iPhone Developer";
				COPY_PHASE_STRIP = NO;
				DEBUG_INFORMATION_FORMAT = dwarf;
				ENABLE_STRICT_OBJC_MSGSEND = YES;
				ENABLE_TESTABILITY = YES;
				GCC_C_LANGUAGE_STANDARD = gnu99;
				GCC_DYNAMIC_NO_PIC = NO;
				GCC_NO_COMMON_BLOCKS = YES;
				GCC_OPTIMIZATION_LEVEL = 0;
				GCC_PREPROCESSOR_DEFINITIONS = (
					"DEBUG=1",
					"$(inherited)",
				);
				GCC_WARN_64_TO_32_BIT_CONVERSION = YES;
				GCC_WARN_ABOUT_RETURN_TYPE = YES_ERROR;
				GCC_WARN_UNDECLARED_SELECTOR = YES;
				GCC_WARN_UNINITIALIZED_AUTOS = YES_AGGRESSIVE;
				GCC_WARN_UNUSED_FUNCTION = YES;
				GCC_WARN_UNUSED_VARIABLE = YES;
				IPHONEOS_DEPLOYMENT_TARGET = 10.0;
				MTL_ENABLE_DEBUG_INFO = YES;
				ONLY_ACTIVE_ARCH = YES;
				SDKROOT = iphoneos;
			};
			name = Debug;
		};
		23F4929E1F88D417006D030C /* Release */ = {
			isa = XCBuildConfiguration;
			buildSettings = {
				ALWAYS_SEARCH_USER_PATHS = NO;
				CLANG_ANALYZER_NONNULL = YES;
				CLANG_CXX_LANGUAGE_STANDARD = "gnu++0x";
				CLANG_CXX_LIBRARY = "libc++";
				CLANG_ENABLE_MODULES = YES;
				CLANG_ENABLE_OBJC_ARC = YES;
				CLANG_WARN_BOOL_CONVERSION = YES;
				CLANG_WARN_CONSTANT_CONVERSION = YES;
				CLANG_WARN_DIRECT_OBJC_ISA_USAGE = YES_ERROR;
				CLANG_WARN_DOCUMENTATION_COMMENTS = YES;
				CLANG_WARN_EMPTY_BODY = YES;
				CLANG_WARN_ENUM_CONVERSION = YES;
				CLANG_WARN_INFINITE_RECURSION = YES;
				CLANG_WARN_INT_CONVERSION = YES;
				CLANG_WARN_OBJC_ROOT_CLASS = YES_ERROR;
				CLANG_WARN_SUSPICIOUS_MOVES = YES;
				CLANG_WARN_UNREACHABLE_CODE = YES;
				CLANG_WARN__DUPLICATE_METHOD_MATCH = YES;
				"CODE_SIGN_IDENTITY[sdk=iphoneos*]" = "iPhone Developer";
				COPY_PHASE_STRIP = NO;
				DEBUG_INFORMATION_FORMAT = "dwarf-with-dsym";
				ENABLE_NS_ASSERTIONS = NO;
				ENABLE_STRICT_OBJC_MSGSEND = YES;
				GCC_C_LANGUAGE_STANDARD = gnu99;
				GCC_NO_COMMON_BLOCKS = YES;
				GCC_WARN_64_TO_32_BIT_CONVERSION = YES;
				GCC_WARN_ABOUT_RETURN_TYPE = YES_ERROR;
				GCC_WARN_UNDECLARED_SELECTOR = YES;
				GCC_WARN_UNINITIALIZED_AUTOS = YES_AGGRESSIVE;
				GCC_WARN_UNUSED_FUNCTION = YES;
				GCC_WARN_UNUSED_VARIABLE = YES;
				IPHONEOS_DEPLOYMENT_TARGET = 10.0;
				MTL_ENABLE_DEBUG_INFO = NO;
				SDKROOT = iphoneos;
				VALIDATE_PRODUCT = YES;
			};
			name = Release;
		};
		23F492A01F88D417006D030C /* Debug */ = {
			isa = XCBuildConfiguration;
			buildSettings = {
				ASSETCATALOG_COMPILER_APPICON_NAME = AppIcon;
				DEVELOPMENT_TEAM = 478JMCYF43;
				INFOPLIST_FILE = TestGit/Info.plist;
				LD_RUNPATH_SEARCH_PATHS = "$(inherited) @executable_path/Frameworks";
				PRODUCT_BUNDLE_IDENTIFIER = com.datongmingye.TestGit;
				PRODUCT_NAME = "$(TARGET_NAME)";
			};
			name = Debug;
		};
		23F492A11F88D417006D030C /* Release */ = {
			isa = XCBuildConfiguration;
			buildSettings = {
				ASSETCATALOG_COMPILER_APPICON_NAME = AppIcon;
				DEVELOPMENT_TEAM = 478JMCYF43;
				INFOPLIST_FILE = TestGit/Info.plist;
				LD_RUNPATH_SEARCH_PATHS = "$(inherited) @executable_path/Frameworks";
				PRODUCT_BUNDLE_IDENTIFIER = com.datongmingye.TestGit;
				PRODUCT_NAME = "$(TARGET_NAME)";
			};
			name = Release;
		};
/* End XCBuildConfiguration section */

/* Begin XCConfigurationList section */
		23F492831F88D417006D030C /* Build configuration list for PBXProject "TestGit" */ = {
			isa = XCConfigurationList;
			buildConfigurations = (
				23F4929D1F88D417006D030C /* Debug */,
				23F4929E1F88D417006D030C /* Release */,
			);
			defaultConfigurationIsVisible = 0;
			defaultConfigurationName = Release;
		};
		23F4929F1F88D417006D030C /* Build configuration list for PBXNativeTarget "TestGit" */ = {
			isa = XCConfigurationList;
			buildConfigurations = (
				23F492A01F88D417006D030C /* Debug */,
				23F492A11F88D417006D030C /* Release */,
			);
			defaultConfigurationIsVisible = 0;
		};
/* End XCConfigurationList section */
	};
	rootObject = 23F492801F88D417006D030C /* Project object */;
}
